// !$*UTF8*$!
{
	archiveVersion = 1;
	classes = {
	};
	objectVersion = 46;
	objects = {

/* Begin PBXBuildFile section */
		EEDD59951F32EDBA00D4D873 /* AppDelegate.swift in Sources */ = {isa = PBXBuildFile; fileRef = EEDD59941F32EDBA00D4D873 /* AppDelegate.swift */; };
		EEDD59971F32EDBA00D4D873 /* ViewController.swift in Sources */ = {isa = PBXBuildFile; fileRef = EEDD59961F32EDBA00D4D873 /* ViewController.swift */; };
		EEDD599A1F32EDBA00D4D873 /* Main.storyboard in Resources */ = {isa = PBXBuildFile; fileRef = EEDD59981F32EDBA00D4D873 /* Main.storyboard */; };
		EEDD599C1F32EDBA00D4D873 /* Assets.xcassets in Resources */ = {isa = PBXBuildFile; fileRef = EEDD599B1F32EDBA00D4D873 /* Assets.xcassets */; };
		EEDD599F1F32EDBA00D4D873 /* LaunchScreen.storyboard in Resources */ = {isa = PBXBuildFile; fileRef = EEDD599D1F32EDBA00D4D873 /* LaunchScreen.storyboard */; };
/* End PBXBuildFile section */

/* Begin PBXFileReference section */
		EEDD59911F32EDBA00D4D873 /* hustle-mode.app */ = {isa = PBXFileReference; explicitFileType = wrapper.application; includeInIndex = 0; path = "hustle-mode.app"; sourceTree = BUILT_PRODUCTS_DIR; };
		EEDD59941F32EDBA00D4D873 /* AppDelegate.swift */ = {isa = PBXFileReference; lastKnownFileType = sourcecode.swift; path = AppDelegate.swift; sourceTree = "<group>"; };
		EEDD59961F32EDBA00D4D873 /* ViewController.swift */ = {isa = PBXFileReference; lastKnownFileType = sourcecode.swift; path = ViewController.swift; sourceTree = "<group>"; };
		EEDD59991F32EDBA00D4D873 /* Base */ = {isa = PBXFileReference; lastKnownFileType = file.storyboard; name = Base; path = Base.lproj/Main.storyboard; sourceTree = "<group>"; };
		EEDD599B1F32EDBA00D4D873 /* Assets.xcassets */ = {isa = PBXFileReference; lastKnownFileType = folder.assetcatalog; path = Assets.xcassets; sourceTree = "<group>"; };
		EEDD599E1F32EDBA00D4D873 /* Base */ = {isa = PBXFileReference; lastKnownFileType = file.storyboard; name = Base; path = Base.lproj/LaunchScreen.storyboard; sourceTree = "<group>"; };
		EEDD59A01F32EDBA00D4D873 /* Info.plist */ = {isa = PBXFileReference; lastKnownFileType = text.plist.xml; path = Info.plist; sourceTree = "<group>"; };
/* End PBXFileReference section */

/* Begin PBXFrameworksBuildPhase section */
		EEDD598E1F32EDBA00D4D873 /* Frameworks */ = {
			isa = PBXFrameworksBuildPhase;
			buildActionMask = 2147483647;
			files = (
			);
			runOnlyForDeploymentPostprocessing = 0;
		};
/* End PBXFrameworksBuildPhase section */

/* Begin PBXGroup section */
		EEDD59881F32EDBA00D4D873 = {
			isa = PBXGroup;
			children = (
				EEDD59931F32EDBA00D4D873 /* hustle-mode */,
				EEDD59921F32EDBA00D4D873 /* Products */,
			);
			sourceTree = "<group>";
		};
		EEDD59921F32EDBA00D4D873 /* Products */ = {
			isa = PBXGroup;
			children = (
				EEDD59911F32EDBA00D4D873 /* hustle-mode.app */,
			);
			name = Products;
			sourceTree = "<group>";
		};
		EEDD59931F32EDBA00D4D873 /* hustle-mode */ = {
			isa = PBXGroup;
			children = (
				EEDD59941F32EDBA00D4D873 /* AppDelegate.swift */,
				EEDD59961F32EDBA00D4D873 /* ViewController.swift */,
				EEDD59981F32EDBA00D4D873 /* Main.storyboard */,
				EEDD599B1F32EDBA00D4D873 /* Assets.xcassets */,
				EEDD599D1F32EDBA00D4D873 /* LaunchScreen.storyboard */,
				EEDD59A01F32EDBA00D4D873 /* Info.plist */,
			);
			path = "hustle-mode";
			sourceTree = "<group>";
		};
/* End PBXGroup section */

/* Begin PBXNativeTarget section */
		EEDD59901F32EDBA00D4D873 /* hustle-mode */ = {
			isa = PBXNativeTarget;
			buildConfigurationList = EEDD59A31F32EDBA00D4D873 /* Build configuration list for PBXNativeTarget "hustle-mode" */;
			buildPhases = (
				EEDD598D1F32EDBA00D4D873 /* Sources */,
				EEDD598E1F32EDBA00D4D873 /* Frameworks */,
				EEDD598F1F32EDBA00D4D873 /* Resources */,
			);
			buildRules = (
			);
			dependencies = (
			);
			name = "hustle-mode";
			productName = "hustle-mode";
			productReference = EEDD59911F32EDBA00D4D873 /* hustle-mode.app */;
			productType = "com.apple.product-type.application";
		};
/* End PBXNativeTarget section */

/* Begin PBXProject section */
		EEDD59891F32EDBA00D4D873 /* Project object */ = {
			isa = PBXProject;
			attributes = {
				LastSwiftUpdateCheck = 0830;
				LastUpgradeCheck = 0830;
				ORGANIZATIONNAME = "Hein Htet";
				TargetAttributes = {
					EEDD59901F32EDBA00D4D873 = {
						CreatedOnToolsVersion = 8.3.3;
						DevelopmentTeam = BW67WM5YUC;
						ProvisioningStyle = Automatic;
					};
				};
			};
			buildConfigurationList = EEDD598C1F32EDBA00D4D873 /* Build configuration list for PBXProject "hustle-mode" */;
			compatibilityVersion = "Xcode 3.2";
			developmentRegion = English;
			hasScannedForEncodings = 0;
			knownRegions = (
				en,
				Base,
			);
			mainGroup = EEDD59881F32EDBA00D4D873;
			productRefGroup = EEDD59921F32EDBA00D4D873 /* Products */;
			projectDirPath = "";
			projectRoot = "";
			targets = (
				EEDD59901F32EDBA00D4D873 /* hustle-mode */,
			);
		};
/* End PBXProject section */

/* Begin PBXResourcesBuildPhase section */
		EEDD598F1F32EDBA00D4D873 /* Resources */ = {
			isa = PBXResourcesBuildPhase;
			buildActionMask = 2147483647;
			files = (
				EEDD599F1F32EDBA00D4D873 /* LaunchScreen.storyboard in Resources */,
				EEDD599C1F32EDBA00D4D873 /* Assets.xcassets in Resources */,
				EEDD599A1F32EDBA00D4D873 /* Main.storyboard in Resources */,
			);
			runOnlyForDeploymentPostprocessing = 0;
		};
/* End PBXResourcesBuildPhase section */

/* Begin PBXSourcesBuildPhase section */
		EEDD598D1F32EDBA00D4D873 /* Sources */ = {
			isa = PBXSourcesBuildPhase;
			buildActionMask = 2147483647;
			files = (
				EEDD59971F32EDBA00D4D873 /* ViewController.swift in Sources */,
				EEDD59951F32EDBA00D4D873 /* AppDelegate.swift in Sources */,
			);
			runOnlyForDeploymentPostprocessing = 0;
		};
/* End PBXSourcesBuildPhase section */

/* Begin PBXVariantGroup section */
		EEDD59981F32EDBA00D4D873 /* Main.storyboard */ = {
			isa = PBXVariantGroup;
			children = (
				EEDD59991F32EDBA00D4D873 /* Base */,
			);
			name = Main.storyboard;
			sourceTree = "<group>";
		};
		EEDD599D1F32EDBA00D4D873 /* LaunchScreen.storyboard */ = {
			isa = PBXVariantGroup;
			children = (
				EEDD599E1F32EDBA00D4D873 /* Base */,
			);
			name = LaunchScreen.storyboard;
			sourceTree = "<group>";
		};
/* End PBXVariantGroup section */

/* Begin XCBuildConfiguration section */
		EEDD59A11F32EDBA00D4D873 /* Debug */ = {
			isa = XCBuildConfiguration;
			buildSettings = {
				ALWAYS_SEARCH_USER_PATHS = NO;
				CLANG_ANALYZER_NONNULL = YES;
				CLANG_ANALYZER_NUMBER_OBJECT_CONVERSION = YES_AGGRESSIVE;
				CLANG_CXX_LANGUAGE_STANDARD = "gnu++0x";
				CLANG_CXX_LIBRARY = "libc++";
				CLANG_ENABLE_MODULES = YES;
				CLANG_ENABLE_OBJC_ARC = YES;
				CLANG_WARN_BOOL_CONVERSION = YES;
				CLANG_WARN_CONSTANT_CONVERSION = YES;
				CLANG_WARN_DIRECT_OBJC_ISA_USAGE = YES_ERROR;
				CLANG_WARN_DOCUMENTATION_COMMENTS = YES;
				CLANG_WARN_EMPTY_BODY = YES;
				CLANG_WARN_ENUM_CONVERSION = YES;
				CLANG_WARN_INFINITE_RECURSION = YES;
				CLANG_WARN_INT_CONVERSION = YES;
				CLANG_WARN_OBJC_ROOT_CLASS = YES_ERROR;
				CLANG_WARN_SUSPICIOUS_MOVE = YES;
				CLANG_WARN_UNREACHABLE_CODE = YES;
				CLANG_WARN__DUPLICATE_METHOD_MATCH = YES;
				"CODE_SIGN_IDENTITY[sdk=iphoneos*]" = "iPhone Developer";
				COPY_PHASE_STRIP = NO;
				DEBUG_INFORMATION_FORMAT = dwarf;
				ENABLE_STRICT_OBJC_MSGSEND = YES;
				ENABLE_TESTABILITY = YES;
				GCC_C_LANGUAGE_STANDARD = gnu99;
				GCC_DYNAMIC_NO_PIC = NO;
				GCC_NO_COMMON_BLOCKS = YES;
				GCC_OPTIMIZATION_LEVEL = 0;
				GCC_PREPROCESSOR_DEFINITIONS = (
					"DEBUG=1",
					"$(inherited)",
				);
				GCC_WARN_64_TO_32_BIT_CONVERSION = YES;
				GCC_WARN_ABOUT_RETURN_TYPE = YES_ERROR;
				GCC_WARN_UNDECLARED_SELECTOR = YES;
				GCC_WARN_UNINITIALIZED_AUTOS = YES_AGGRESSIVE;
				GCC_WARN_UNUSED_FUNCTION = YES;
				GCC_WARN_UNUSED_VARIABLE = YES;
				IPHONEOS_DEPLOYMENT_TARGET = 10.3;
				MTL_ENABLE_DEBUG_INFO = YES;
				ONLY_ACTIVE_ARCH = YES;
				SDKROOT = iphoneos;
				SWIFT_ACTIVE_COMPILATION_CONDITIONS = DEBUG;
				SWIFT_OPTIMIZATION_LEVEL = "-Onone";
				TARGETED_DEVICE_FAMILY = "1,2";
			};
			name = Debug;
		};
		EEDD59A21F32EDBA00D4D873 /* Release */ = {
			isa = XCBuildConfiguration;
			buildSettings = {
				ALWAYS_SEARCH_USER_PATHS = NO;
				CLANG_ANALYZER_NONNULL = YES;
				CLANG_ANALYZER_NUMBER_OBJECT_CONVERSION = YES_AGGRESSIVE;
				CLANG_CXX_LANGUAGE_STANDARD = "gnu++0x";
				CLANG_CXX_LIBRARY = "libc++";
				CLANG_ENABLE_MODULES = YES;
				CLANG_ENABLE_OBJC_ARC = YES;
				CLANG_WARN_BOOL_CONVERSION = YES;
				CLANG_WARN_CONSTANT_CONVERSION = YES;
				CLANG_WARN_DIRECT_OBJC_ISA_USAGE = YES_ERROR;
				CLANG_WARN_DOCUMENTATION_COMMENTS = YES;
				CLANG_WARN_EMPTY_BODY = YES;
				CLANG_WARN_ENUM_CONVERSION = YES;
				CLANG_WARN_INFINITE_RECURSION = YES;
				CLANG_WARN_INT_CONVERSION = YES;
				CLANG_WARN_OBJC_ROOT_CLASS = YES_ERROR;
				CLANG_WARN_SUSPICIOUS_MOVE = YES;
				CLANG_WARN_UNREACHABLE_CODE = YES;
				CLANG_WARN__DUPLICATE_METHOD_MATCH = YES;
				"CODE_SIGN_IDENTITY[sdk=iphoneos*]" = "iPhone Developer";
				COPY_PHASE_STRIP = NO;
				DEBUG_INFORMATION_FORMAT = "dwarf-with-dsym";
				ENABLE_NS_ASSERTIONS = NO;
				ENABLE_STRICT_OBJC_MSGSEND = YES;
				GCC_C_LANGUAGE_STANDARD = gnu99;
				GCC_NO_COMMON_BLOCKS = YES;
				GCC_WARN_64_TO_32_BIT_CONVERSION = YES;
				GCC_WARN_ABOUT_RETURN_TYPE = YES_ERROR;
				GCC_WARN_UNDECLARED_SELECTOR = YES;
				GCC_WARN_UNINITIALIZED_AUTOS = YES_AGGRESSIVE;
				GCC_WARN_UNUSED_FUNCTION = YES;
				GCC_WARN_UNUSED_VARIABLE = YES;
				IPHONEOS_DEPLOYMENT_TARGET = 10.3;
				MTL_ENABLE_DEBUG_INFO = NO;
				SDKROOT = iphoneos;
				SWIFT_OPTIMIZATION_LEVEL = "-Owholemodule";
				TARGETED_DEVICE_FAMILY = "1,2";
				VALIDATE_PRODUCT = YES;
			};
			name = Release;
		};
		EEDD59A41F32EDBA00D4D873 /* Debug */ = {
			isa = XCBuildConfiguration;
			buildSettings = {
				ASSETCATALOG_COMPILER_APPICON_NAME = AppIcon;
				DEVELOPMENT_TEAM = BW67WM5YUC;
				INFOPLIST_FILE = "hustle-mode/Info.plist";
				LD_RUNPATH_SEARCH_PATHS = "$(inherited) @executable_path/Frameworks";
				PRODUCT_BUNDLE_IDENTIFIER = "koekoetech.hustle-mode";
				PRODUCT_NAME = "$(TARGET_NAME)";
				SWIFT_VERSION = 3.0;
			};
			name = Debug;
		};
		EEDD59A51F32EDBA00D4D873 /* Release */ = {
			isa = XCBuildConfiguration;
			buildSettings = {
				ASSETCATALOG_COMPILER_APPICON_NAME = AppIcon;
				DEVELOPMENT_TEAM = BW67WM5YUC;
				INFOPLIST_FILE = "hustle-mode/Info.plist";
				LD_RUNPATH_SEARCH_PATHS = "$(inherited) @executable_path/Frameworks";
				PRODUCT_BUNDLE_IDENTIFIER = "koekoetech.hustle-mode";
				PRODUCT_NAME = "$(TARGET_NAME)";
				SWIFT_VERSION = 3.0;
			};
			name = Release;
		};
/* End XCBuildConfiguration section */

/* Begin XCConfigurationList section */
		EEDD598C1F32EDBA00D4D873 /* Build configuration list for PBXProject "hustle-mode" */ = {
			isa = XCConfigurationList;
			buildConfigurations = (
				EEDD59A11F32EDBA00D4D873 /* Debug */,
				EEDD59A21F32EDBA00D4D873 /* Release */,
			);
			defaultConfigurationIsVisible = 0;
			defaultConfigurationName = Release;
		};
		EEDD59A31F32EDBA00D4D873 /* Build configuration list for PBXNativeTarget "hustle-mode" */ = {
			isa = XCConfigurationList;
			buildConfigurations = (
				EEDD59A41F32EDBA00D4D873 /* Debug */,
				EEDD59A51F32EDBA00D4D873 /* Release */,
			);
			defaultConfigurationIsVisible = 0;
		};
/* End XCConfigurationList section */
	};
	rootObject = EEDD59891F32EDBA00D4D873 /* Project object */;
}
